
Microsoft Visual Studio Solution File, Format Version 12.00
# Visual Studio 15
VisualStudioVersion = 15.0.28010.2026
MinimumVisualStudioVersion = 10.0.40219.1
Project("{FAE04EC0-301F-11D3-BF4B-00C04F79EFBC}") = "Data Structures Speed Tests", "Data Structures Speed Tests\Data Structures Speed Tests.csproj", "{D5EB5EB4-BE7E-4CA9-84AE-858EFFA9E5E8}"
EndProject
Project("{FAE04EC0-301F-11D3-BF4B-00C04F79EFBC}") = "HashSet VS List (Adding and Searching)", "HashSet VS List (Adding and Searching)\HashSet VS List (Adding and Searching).csproj", "{5D100A11-E5DB-48A2-A9F1-2F57FEE24690}"
EndProject
Global
	GlobalSection(SolutionConfigurationPlatforms) = preSolution
		Debug|Any CPU = Debug|Any CPU
		Release|Any CPU = Release|Any CPU
	EndGlobalSection
	GlobalSection(ProjectConfigurationPlatforms) = postSolution
		{D5EB5EB4-BE7E-4CA9-84AE-858EFFA9E5E8}.Debug|Any CPU.ActiveCfg = Debug|Any CPU
		{D5EB5EB4-BE7E-4CA9-84AE-858EFFA9E5E8}.Debug|Any CPU.Build.0 = Debug|Any CPU
		{D5EB5EB4-BE7E-4CA9-84AE-858EFFA9E5E8}.Release|Any CPU.ActiveCfg = Release|Any CPU
		{D5EB5EB4-BE7E-4CA9-84AE-858EFFA9E5E8}.Release|Any CPU.Build.0 = Release|Any CPU
		{5D100A11-E5DB-48A2-A9F1-2F57FEE24690}.Debug|Any CPU.ActiveCfg = Debug|Any CPU
		{5D100A11-E5DB-48A2-A9F1-2F57FEE24690}.Debug|Any CPU.Build.0 = Debug|Any CPU
		{5D100A11-E5DB-48A2-A9F1-2F57FEE24690}.Release|Any CPU.ActiveCfg = Release|Any CPU
		{5D100A11-E5DB-48A2-A9F1-2F57FEE24690}.Release|Any CPU.Build.0 = Release|Any CPU
	EndGlobalSection
	GlobalSection(SolutionProperties) = preSolution
		HideSolutionNode = FALSE
	EndGlobalSection
	GlobalSection(ExtensibilityGlobals) = postSolution
		SolutionGuid = {D70D5039-0CE3-429A-BAB3-0E300ED282C4}
	EndGlobalSection
EndGlobal
