
Microsoft Visual Studio Solution File, Format Version 12.00
# Visual Studio 15
VisualStudioVersion = 15.0.27703.2026
MinimumVisualStudioVersion = 10.0.40219.1
Project("{FAE04EC0-301F-11D3-BF4B-00C04F79EFBC}") = "LoopsArrays", "LoopsArrays\LoopsArrays.csproj", "{A7A7CACA-BF5C-455A-BB56-17004A2AB88B}"
EndProject
Project("{9A19103F-16F7-4668-BE54-9A1E7A4F7556}") = "ConsoleApp1", "ConsoleApp1\ConsoleApp1.csproj", "{D5C616BA-D2FD-44EF-8EF0-7CA4D1969AEC}"
EndProject
Project("{9A19103F-16F7-4668-BE54-9A1E7A4F7556}") = "Rings", "Rings\Rings.csproj", "{10715FF7-C850-4AC5-805E-C2848C801A70}"
EndProject
Project("{9A19103F-16F7-4668-BE54-9A1E7A4F7556}") = "MaxEven", "MaxEven\MaxEven.csproj", "{38616B72-43F6-4744-9E83-ADD5DFC76F3B}"
EndProject
Project("{9A19103F-16F7-4668-BE54-9A1E7A4F7556}") = "Frac", "Frac\Frac.csproj", "{806EF324-94A6-4EB9-A722-F2E3F59906AB}"
EndProject
Project("{9A19103F-16F7-4668-BE54-9A1E7A4F7556}") = "Exam", "Exam\Exam.csproj", "{31FC697B-E746-4EBD-9345-8B2735807011}"
EndProject
Project("{FAE04EC0-301F-11D3-BF4B-00C04F79EFBC}") = "CompareArrays", "CompareArrays\CompareArrays.csproj", "{E8ED0D03-786A-4D3E-95D2-8DEDADDE02E2}"
EndProject
Project("{FAE04EC0-301F-11D3-BF4B-00C04F79EFBC}") = "CompareCharArrays", "CompareCharArrays\CompareCharArrays.csproj", "{95159FE5-B643-4EAF-BF14-FA3F1AF92A66}"
EndProject
Project("{FAE04EC0-301F-11D3-BF4B-00C04F79EFBC}") = "MaximalSequence", "MaximalSequence\MaximalSequence.csproj", "{F4C4826F-77E3-468A-B8D8-F3B74B038A45}"
EndProject
Project("{FAE04EC0-301F-11D3-BF4B-00C04F79EFBC}") = "MaxIncreasingSequence", "MaxIncreasingSequence\MaxIncreasingSequence.csproj", "{B4329D8F-0ABD-4B0A-B853-9CA15C7681FA}"
EndProject
Project("{FAE04EC0-301F-11D3-BF4B-00C04F79EFBC}") = "MaxSumOfKElements", "MaxSumOfKElements\MaxSumOfKElements.csproj", "{1792B411-F16B-4B6D-A69C-815C2890FE71}"
EndProject
Project("{FAE04EC0-301F-11D3-BF4B-00C04F79EFBC}") = "MaximalSum", "MaximalSum\MaximalSum.csproj", "{A7DF6D8C-4280-4623-B290-B06B3FD4ADBE}"
EndProject
Project("{FAE04EC0-301F-11D3-BF4B-00C04F79EFBC}") = "FrequentNumber", "FrequentNumber\FrequentNumber.csproj", "{D8BFDEAD-CC76-4ED8-86BF-3A1B11F16CB0}"
EndProject
Project("{FAE04EC0-301F-11D3-BF4B-00C04F79EFBC}") = "IndexOfLetters", "IndexOfLetters\IndexOfLetters.csproj", "{F37788D1-D951-4CB5-AC9B-9F9B0F5A0131}"
EndProject
Project("{FAE04EC0-301F-11D3-BF4B-00C04F79EFBC}") = "PrimeNumber", "PrimeNumber\PrimeNumber.csproj", "{379AA553-F725-48F3-8B6F-224EFA2291F3}"
EndProject
Global
	GlobalSection(SolutionConfigurationPlatforms) = preSolution
		Debug|Any CPU = Debug|Any CPU
		Debug|ARM = Debug|ARM
		Debug|x64 = Debug|x64
		Debug|x86 = Debug|x86
		Release|Any CPU = Release|Any CPU
		Release|ARM = Release|ARM
		Release|x64 = Release|x64
		Release|x86 = Release|x86
	EndGlobalSection
	GlobalSection(ProjectConfigurationPlatforms) = postSolution
		{A7A7CACA-BF5C-455A-BB56-17004A2AB88B}.Debug|Any CPU.ActiveCfg = Debug|x86
		{A7A7CACA-BF5C-455A-BB56-17004A2AB88B}.Debug|ARM.ActiveCfg = Debug|ARM
		{A7A7CACA-BF5C-455A-BB56-17004A2AB88B}.Debug|ARM.Build.0 = Debug|ARM
		{A7A7CACA-BF5C-455A-BB56-17004A2AB88B}.Debug|ARM.Deploy.0 = Debug|ARM
		{A7A7CACA-BF5C-455A-BB56-17004A2AB88B}.Debug|x64.ActiveCfg = Debug|x64
		{A7A7CACA-BF5C-455A-BB56-17004A2AB88B}.Debug|x64.Build.0 = Debug|x64
		{A7A7CACA-BF5C-455A-BB56-17004A2AB88B}.Debug|x64.Deploy.0 = Debug|x64
		{A7A7CACA-BF5C-455A-BB56-17004A2AB88B}.Debug|x86.ActiveCfg = Debug|x86
		{A7A7CACA-BF5C-455A-BB56-17004A2AB88B}.Debug|x86.Build.0 = Debug|x86
		{A7A7CACA-BF5C-455A-BB56-17004A2AB88B}.Debug|x86.Deploy.0 = Debug|x86
		{A7A7CACA-BF5C-455A-BB56-17004A2AB88B}.Release|Any CPU.ActiveCfg = Release|x86
		{A7A7CACA-BF5C-455A-BB56-17004A2AB88B}.Release|ARM.ActiveCfg = Release|ARM
		{A7A7CACA-BF5C-455A-BB56-17004A2AB88B}.Release|ARM.Build.0 = Release|ARM
		{A7A7CACA-BF5C-455A-BB56-17004A2AB88B}.Release|ARM.Deploy.0 = Release|ARM
		{A7A7CACA-BF5C-455A-BB56-17004A2AB88B}.Release|x64.ActiveCfg = Release|x64
		{A7A7CACA-BF5C-455A-BB56-17004A2AB88B}.Release|x64.Build.0 = Release|x64
		{A7A7CACA-BF5C-455A-BB56-17004A2AB88B}.Release|x64.Deploy.0 = Release|x64
		{A7A7CACA-BF5C-455A-BB56-17004A2AB88B}.Release|x86.ActiveCfg = Release|x86
		{A7A7CACA-BF5C-455A-BB56-17004A2AB88B}.Release|x86.Build.0 = Release|x86
		{A7A7CACA-BF5C-455A-BB56-17004A2AB88B}.Release|x86.Deploy.0 = Release|x86
		{D5C616BA-D2FD-44EF-8EF0-7CA4D1969AEC}.Debug|Any CPU.ActiveCfg = Debug|Any CPU
		{D5C616BA-D2FD-44EF-8EF0-7CA4D1969AEC}.Debug|Any CPU.Build.0 = Debug|Any CPU
		{D5C616BA-D2FD-44EF-8EF0-7CA4D1969AEC}.Debug|ARM.ActiveCfg = Debug|Any CPU
		{D5C616BA-D2FD-44EF-8EF0-7CA4D1969AEC}.Debug|ARM.Build.0 = Debug|Any CPU
		{D5C616BA-D2FD-44EF-8EF0-7CA4D1969AEC}.Debug|x64.ActiveCfg = Debug|Any CPU
		{D5C616BA-D2FD-44EF-8EF0-7CA4D1969AEC}.Debug|x64.Build.0 = Debug|Any CPU
		{D5C616BA-D2FD-44EF-8EF0-7CA4D1969AEC}.Debug|x86.ActiveCfg = Debug|Any CPU
		{D5C616BA-D2FD-44EF-8EF0-7CA4D1969AEC}.Debug|x86.Build.0 = Debug|Any CPU
		{D5C616BA-D2FD-44EF-8EF0-7CA4D1969AEC}.Release|Any CPU.ActiveCfg = Release|Any CPU
		{D5C616BA-D2FD-44EF-8EF0-7CA4D1969AEC}.Release|Any CPU.Build.0 = Release|Any CPU
		{D5C616BA-D2FD-44EF-8EF0-7CA4D1969AEC}.Release|ARM.ActiveCfg = Release|Any CPU
		{D5C616BA-D2FD-44EF-8EF0-7CA4D1969AEC}.Release|ARM.Build.0 = Release|Any CPU
		{D5C616BA-D2FD-44EF-8EF0-7CA4D1969AEC}.Release|x64.ActiveCfg = Release|Any CPU
		{D5C616BA-D2FD-44EF-8EF0-7CA4D1969AEC}.Release|x64.Build.0 = Release|Any CPU
		{D5C616BA-D2FD-44EF-8EF0-7CA4D1969AEC}.Release|x86.ActiveCfg = Release|Any CPU
		{D5C616BA-D2FD-44EF-8EF0-7CA4D1969AEC}.Release|x86.Build.0 = Release|Any CPU
		{10715FF7-C850-4AC5-805E-C2848C801A70}.Debug|Any CPU.ActiveCfg = Debug|Any CPU
		{10715FF7-C850-4AC5-805E-C2848C801A70}.Debug|Any CPU.Build.0 = Debug|Any CPU
		{10715FF7-C850-4AC5-805E-C2848C801A70}.Debug|ARM.ActiveCfg = Debug|Any CPU
		{10715FF7-C850-4AC5-805E-C2848C801A70}.Debug|ARM.Build.0 = Debug|Any CPU
		{10715FF7-C850-4AC5-805E-C2848C801A70}.Debug|x64.ActiveCfg = Debug|Any CPU
		{10715FF7-C850-4AC5-805E-C2848C801A70}.Debug|x64.Build.0 = Debug|Any CPU
		{10715FF7-C850-4AC5-805E-C2848C801A70}.Debug|x86.ActiveCfg = Debug|Any CPU
		{10715FF7-C850-4AC5-805E-C2848C801A70}.Debug|x86.Build.0 = Debug|Any CPU
		{10715FF7-C850-4AC5-805E-C2848C801A70}.Release|Any CPU.ActiveCfg = Release|Any CPU
		{10715FF7-C850-4AC5-805E-C2848C801A70}.Release|Any CPU.Build.0 = Release|Any CPU
		{10715FF7-C850-4AC5-805E-C2848C801A70}.Release|ARM.ActiveCfg = Release|Any CPU
		{10715FF7-C850-4AC5-805E-C2848C801A70}.Release|ARM.Build.0 = Release|Any CPU
		{10715FF7-C850-4AC5-805E-C2848C801A70}.Release|x64.ActiveCfg = Release|Any CPU
		{10715FF7-C850-4AC5-805E-C2848C801A70}.Release|x64.Build.0 = Release|Any CPU
		{10715FF7-C850-4AC5-805E-C2848C801A70}.Release|x86.ActiveCfg = Release|Any CPU
		{10715FF7-C850-4AC5-805E-C2848C801A70}.Release|x86.Build.0 = Release|Any CPU
		{38616B72-43F6-4744-9E83-ADD5DFC76F3B}.Debug|Any CPU.ActiveCfg = Debug|Any CPU
		{38616B72-43F6-4744-9E83-ADD5DFC76F3B}.Debug|Any CPU.Build.0 = Debug|Any CPU
		{38616B72-43F6-4744-9E83-ADD5DFC76F3B}.Debug|ARM.ActiveCfg = Debug|Any CPU
		{38616B72-43F6-4744-9E83-ADD5DFC76F3B}.Debug|ARM.Build.0 = Debug|Any CPU
		{38616B72-43F6-4744-9E83-ADD5DFC76F3B}.Debug|x64.ActiveCfg = Debug|Any CPU
		{38616B72-43F6-4744-9E83-ADD5DFC76F3B}.Debug|x64.Build.0 = Debug|Any CPU
		{38616B72-43F6-4744-9E83-ADD5DFC76F3B}.Debug|x86.ActiveCfg = Debug|Any CPU
		{38616B72-43F6-4744-9E83-ADD5DFC76F3B}.Debug|x86.Build.0 = Debug|Any CPU
		{38616B72-43F6-4744-9E83-ADD5DFC76F3B}.Release|Any CPU.ActiveCfg = Release|Any CPU
		{38616B72-43F6-4744-9E83-ADD5DFC76F3B}.Release|Any CPU.Build.0 = Release|Any CPU
		{38616B72-43F6-4744-9E83-ADD5DFC76F3B}.Release|ARM.ActiveCfg = Release|Any CPU
		{38616B72-43F6-4744-9E83-ADD5DFC76F3B}.Release|ARM.Build.0 = Release|Any CPU
		{38616B72-43F6-4744-9E83-ADD5DFC76F3B}.Release|x64.ActiveCfg = Release|Any CPU
		{38616B72-43F6-4744-9E83-ADD5DFC76F3B}.Release|x64.Build.0 = Release|Any CPU
		{38616B72-43F6-4744-9E83-ADD5DFC76F3B}.Release|x86.ActiveCfg = Release|Any CPU
		{38616B72-43F6-4744-9E83-ADD5DFC76F3B}.Release|x86.Build.0 = Release|Any CPU
		{806EF324-94A6-4EB9-A722-F2E3F59906AB}.Debug|Any CPU.ActiveCfg = Debug|Any CPU
		{806EF324-94A6-4EB9-A722-F2E3F59906AB}.Debug|Any CPU.Build.0 = Debug|Any CPU
		{806EF324-94A6-4EB9-A722-F2E3F59906AB}.Debug|ARM.ActiveCfg = Debug|Any CPU
		{806EF324-94A6-4EB9-A722-F2E3F59906AB}.Debug|ARM.Build.0 = Debug|Any CPU
		{806EF324-94A6-4EB9-A722-F2E3F59906AB}.Debug|x64.ActiveCfg = Debug|Any CPU
		{806EF324-94A6-4EB9-A722-F2E3F59906AB}.Debug|x64.Build.0 = Debug|Any CPU
		{806EF324-94A6-4EB9-A722-F2E3F59906AB}.Debug|x86.ActiveCfg = Debug|Any CPU
		{806EF324-94A6-4EB9-A722-F2E3F59906AB}.Debug|x86.Build.0 = Debug|Any CPU
		{806EF324-94A6-4EB9-A722-F2E3F59906AB}.Release|Any CPU.ActiveCfg = Release|Any CPU
		{806EF324-94A6-4EB9-A722-F2E3F59906AB}.Release|Any CPU.Build.0 = Release|Any CPU
		{806EF324-94A6-4EB9-A722-F2E3F59906AB}.Release|ARM.ActiveCfg = Release|Any CPU
		{806EF324-94A6-4EB9-A722-F2E3F59906AB}.Release|ARM.Build.0 = Release|Any CPU
		{806EF324-94A6-4EB9-A722-F2E3F59906AB}.Release|x64.ActiveCfg = Release|Any CPU
		{806EF324-94A6-4EB9-A722-F2E3F59906AB}.Release|x64.Build.0 = Release|Any CPU
		{806EF324-94A6-4EB9-A722-F2E3F59906AB}.Release|x86.ActiveCfg = Release|Any CPU
		{806EF324-94A6-4EB9-A722-F2E3F59906AB}.Release|x86.Build.0 = Release|Any CPU
		{31FC697B-E746-4EBD-9345-8B2735807011}.Debug|Any CPU.ActiveCfg = Debug|Any CPU
		{31FC697B-E746-4EBD-9345-8B2735807011}.Debug|Any CPU.Build.0 = Debug|Any CPU
		{31FC697B-E746-4EBD-9345-8B2735807011}.Debug|ARM.ActiveCfg = Debug|Any CPU
		{31FC697B-E746-4EBD-9345-8B2735807011}.Debug|ARM.Build.0 = Debug|Any CPU
		{31FC697B-E746-4EBD-9345-8B2735807011}.Debug|x64.ActiveCfg = Debug|Any CPU
		{31FC697B-E746-4EBD-9345-8B2735807011}.Debug|x64.Build.0 = Debug|Any CPU
		{31FC697B-E746-4EBD-9345-8B2735807011}.Debug|x86.ActiveCfg = Debug|Any CPU
		{31FC697B-E746-4EBD-9345-8B2735807011}.Debug|x86.Build.0 = Debug|Any CPU
		{31FC697B-E746-4EBD-9345-8B2735807011}.Release|Any CPU.ActiveCfg = Release|Any CPU
		{31FC697B-E746-4EBD-9345-8B2735807011}.Release|Any CPU.Build.0 = Release|Any CPU
		{31FC697B-E746-4EBD-9345-8B2735807011}.Release|ARM.ActiveCfg = Release|Any CPU
		{31FC697B-E746-4EBD-9345-8B2735807011}.Release|ARM.Build.0 = Release|Any CPU
		{31FC697B-E746-4EBD-9345-8B2735807011}.Release|x64.ActiveCfg = Release|Any CPU
		{31FC697B-E746-4EBD-9345-8B2735807011}.Release|x64.Build.0 = Release|Any CPU
		{31FC697B-E746-4EBD-9345-8B2735807011}.Release|x86.ActiveCfg = Release|Any CPU
		{31FC697B-E746-4EBD-9345-8B2735807011}.Release|x86.Build.0 = Release|Any CPU
		{E8ED0D03-786A-4D3E-95D2-8DEDADDE02E2}.Debug|Any CPU.ActiveCfg = Debug|Any CPU
		{E8ED0D03-786A-4D3E-95D2-8DEDADDE02E2}.Debug|Any CPU.Build.0 = Debug|Any CPU
		{E8ED0D03-786A-4D3E-95D2-8DEDADDE02E2}.Debug|ARM.ActiveCfg = Debug|Any CPU
		{E8ED0D03-786A-4D3E-95D2-8DEDADDE02E2}.Debug|ARM.Build.0 = Debug|Any CPU
		{E8ED0D03-786A-4D3E-95D2-8DEDADDE02E2}.Debug|x64.ActiveCfg = Debug|Any CPU
		{E8ED0D03-786A-4D3E-95D2-8DEDADDE02E2}.Debug|x64.Build.0 = Debug|Any CPU
		{E8ED0D03-786A-4D3E-95D2-8DEDADDE02E2}.Debug|x86.ActiveCfg = Debug|Any CPU
		{E8ED0D03-786A-4D3E-95D2-8DEDADDE02E2}.Debug|x86.Build.0 = Debug|Any CPU
		{E8ED0D03-786A-4D3E-95D2-8DEDADDE02E2}.Release|Any CPU.ActiveCfg = Release|Any CPU
		{E8ED0D03-786A-4D3E-95D2-8DEDADDE02E2}.Release|Any CPU.Build.0 = Release|Any CPU
		{E8ED0D03-786A-4D3E-95D2-8DEDADDE02E2}.Release|ARM.ActiveCfg = Release|Any CPU
		{E8ED0D03-786A-4D3E-95D2-8DEDADDE02E2}.Release|ARM.Build.0 = Release|Any CPU
		{E8ED0D03-786A-4D3E-95D2-8DEDADDE02E2}.Release|x64.ActiveCfg = Release|Any CPU
		{E8ED0D03-786A-4D3E-95D2-8DEDADDE02E2}.Release|x64.Build.0 = Release|Any CPU
		{E8ED0D03-786A-4D3E-95D2-8DEDADDE02E2}.Release|x86.ActiveCfg = Release|Any CPU
		{E8ED0D03-786A-4D3E-95D2-8DEDADDE02E2}.Release|x86.Build.0 = Release|Any CPU
		{95159FE5-B643-4EAF-BF14-FA3F1AF92A66}.Debug|Any CPU.ActiveCfg = Debug|Any CPU
		{95159FE5-B643-4EAF-BF14-FA3F1AF92A66}.Debug|Any CPU.Build.0 = Debug|Any CPU
		{95159FE5-B643-4EAF-BF14-FA3F1AF92A66}.Debug|ARM.ActiveCfg = Debug|Any CPU
		{95159FE5-B643-4EAF-BF14-FA3F1AF92A66}.Debug|ARM.Build.0 = Debug|Any CPU
		{95159FE5-B643-4EAF-BF14-FA3F1AF92A66}.Debug|x64.ActiveCfg = Debug|Any CPU
		{95159FE5-B643-4EAF-BF14-FA3F1AF92A66}.Debug|x64.Build.0 = Debug|Any CPU
		{95159FE5-B643-4EAF-BF14-FA3F1AF92A66}.Debug|x86.ActiveCfg = Debug|Any CPU
		{95159FE5-B643-4EAF-BF14-FA3F1AF92A66}.Debug|x86.Build.0 = Debug|Any CPU
		{95159FE5-B643-4EAF-BF14-FA3F1AF92A66}.Release|Any CPU.ActiveCfg = Release|Any CPU
		{95159FE5-B643-4EAF-BF14-FA3F1AF92A66}.Release|Any CPU.Build.0 = Release|Any CPU
		{95159FE5-B643-4EAF-BF14-FA3F1AF92A66}.Release|ARM.ActiveCfg = Release|Any CPU
		{95159FE5-B643-4EAF-BF14-FA3F1AF92A66}.Release|ARM.Build.0 = Release|Any CPU
		{95159FE5-B643-4EAF-BF14-FA3F1AF92A66}.Release|x64.ActiveCfg = Release|Any CPU
		{95159FE5-B643-4EAF-BF14-FA3F1AF92A66}.Release|x64.Build.0 = Release|Any CPU
		{95159FE5-B643-4EAF-BF14-FA3F1AF92A66}.Release|x86.ActiveCfg = Release|Any CPU
		{95159FE5-B643-4EAF-BF14-FA3F1AF92A66}.Release|x86.Build.0 = Release|Any CPU
		{F4C4826F-77E3-468A-B8D8-F3B74B038A45}.Debug|Any CPU.ActiveCfg = Debug|Any CPU
		{F4C4826F-77E3-468A-B8D8-F3B74B038A45}.Debug|Any CPU.Build.0 = Debug|Any CPU
		{F4C4826F-77E3-468A-B8D8-F3B74B038A45}.Debug|ARM.ActiveCfg = Debug|Any CPU
		{F4C4826F-77E3-468A-B8D8-F3B74B038A45}.Debug|ARM.Build.0 = Debug|Any CPU
		{F4C4826F-77E3-468A-B8D8-F3B74B038A45}.Debug|x64.ActiveCfg = Debug|Any CPU
		{F4C4826F-77E3-468A-B8D8-F3B74B038A45}.Debug|x64.Build.0 = Debug|Any CPU
		{F4C4826F-77E3-468A-B8D8-F3B74B038A45}.Debug|x86.ActiveCfg = Debug|Any CPU
		{F4C4826F-77E3-468A-B8D8-F3B74B038A45}.Debug|x86.Build.0 = Debug|Any CPU
		{F4C4826F-77E3-468A-B8D8-F3B74B038A45}.Release|Any CPU.ActiveCfg = Release|Any CPU
		{F4C4826F-77E3-468A-B8D8-F3B74B038A45}.Release|Any CPU.Build.0 = Release|Any CPU
		{F4C4826F-77E3-468A-B8D8-F3B74B038A45}.Release|ARM.ActiveCfg = Release|Any CPU
		{F4C4826F-77E3-468A-B8D8-F3B74B038A45}.Release|ARM.Build.0 = Release|Any CPU
		{F4C4826F-77E3-468A-B8D8-F3B74B038A45}.Release|x64.ActiveCfg = Release|Any CPU
		{F4C4826F-77E3-468A-B8D8-F3B74B038A45}.Release|x64.Build.0 = Release|Any CPU
		{F4C4826F-77E3-468A-B8D8-F3B74B038A45}.Release|x86.ActiveCfg = Release|Any CPU
		{F4C4826F-77E3-468A-B8D8-F3B74B038A45}.Release|x86.Build.0 = Release|Any CPU
		{B4329D8F-0ABD-4B0A-B853-9CA15C7681FA}.Debug|Any CPU.ActiveCfg = Debug|Any CPU
		{B4329D8F-0ABD-4B0A-B853-9CA15C7681FA}.Debug|Any CPU.Build.0 = Debug|Any CPU
		{B4329D8F-0ABD-4B0A-B853-9CA15C7681FA}.Debug|ARM.ActiveCfg = Debug|Any CPU
		{B4329D8F-0ABD-4B0A-B853-9CA15C7681FA}.Debug|ARM.Build.0 = Debug|Any CPU
		{B4329D8F-0ABD-4B0A-B853-9CA15C7681FA}.Debug|x64.ActiveCfg = Debug|Any CPU
		{B4329D8F-0ABD-4B0A-B853-9CA15C7681FA}.Debug|x64.Build.0 = Debug|Any CPU
		{B4329D8F-0ABD-4B0A-B853-9CA15C7681FA}.Debug|x86.ActiveCfg = Debug|Any CPU
		{B4329D8F-0ABD-4B0A-B853-9CA15C7681FA}.Debug|x86.Build.0 = Debug|Any CPU
		{B4329D8F-0ABD-4B0A-B853-9CA15C7681FA}.Release|Any CPU.ActiveCfg = Release|Any CPU
		{B4329D8F-0ABD-4B0A-B853-9CA15C7681FA}.Release|Any CPU.Build.0 = Release|Any CPU
		{B4329D8F-0ABD-4B0A-B853-9CA15C7681FA}.Release|ARM.ActiveCfg = Release|Any CPU
		{B4329D8F-0ABD-4B0A-B853-9CA15C7681FA}.Release|ARM.Build.0 = Release|Any CPU
		{B4329D8F-0ABD-4B0A-B853-9CA15C7681FA}.Release|x64.ActiveCfg = Release|Any CPU
		{B4329D8F-0ABD-4B0A-B853-9CA15C7681FA}.Release|x64.Build.0 = Release|Any CPU
		{B4329D8F-0ABD-4B0A-B853-9CA15C7681FA}.Release|x86.ActiveCfg = Release|Any CPU
		{B4329D8F-0ABD-4B0A-B853-9CA15C7681FA}.Release|x86.Build.0 = Release|Any CPU
		{1792B411-F16B-4B6D-A69C-815C2890FE71}.Debug|Any CPU.ActiveCfg = Debug|Any CPU
		{1792B411-F16B-4B6D-A69C-815C2890FE71}.Debug|Any CPU.Build.0 = Debug|Any CPU
		{1792B411-F16B-4B6D-A69C-815C2890FE71}.Debug|ARM.ActiveCfg = Debug|Any CPU
		{1792B411-F16B-4B6D-A69C-815C2890FE71}.Debug|ARM.Build.0 = Debug|Any CPU
		{1792B411-F16B-4B6D-A69C-815C2890FE71}.Debug|x64.ActiveCfg = Debug|Any CPU
		{1792B411-F16B-4B6D-A69C-815C2890FE71}.Debug|x64.Build.0 = Debug|Any CPU
		{1792B411-F16B-4B6D-A69C-815C2890FE71}.Debug|x86.ActiveCfg = Debug|Any CPU
		{1792B411-F16B-4B6D-A69C-815C2890FE71}.Debug|x86.Build.0 = Debug|Any CPU
		{1792B411-F16B-4B6D-A69C-815C2890FE71}.Release|Any CPU.ActiveCfg = Release|Any CPU
		{1792B411-F16B-4B6D-A69C-815C2890FE71}.Release|Any CPU.Build.0 = Release|Any CPU
		{1792B411-F16B-4B6D-A69C-815C2890FE71}.Release|ARM.ActiveCfg = Release|Any CPU
		{1792B411-F16B-4B6D-A69C-815C2890FE71}.Release|ARM.Build.0 = Release|Any CPU
		{1792B411-F16B-4B6D-A69C-815C2890FE71}.Release|x64.ActiveCfg = Release|Any CPU
		{1792B411-F16B-4B6D-A69C-815C2890FE71}.Release|x64.Build.0 = Release|Any CPU
		{1792B411-F16B-4B6D-A69C-815C2890FE71}.Release|x86.ActiveCfg = Release|Any CPU
		{1792B411-F16B-4B6D-A69C-815C2890FE71}.Release|x86.Build.0 = Release|Any CPU
		{A7DF6D8C-4280-4623-B290-B06B3FD4ADBE}.Debug|Any CPU.ActiveCfg = Debug|Any CPU
		{A7DF6D8C-4280-4623-B290-B06B3FD4ADBE}.Debug|Any CPU.Build.0 = Debug|Any CPU
		{A7DF6D8C-4280-4623-B290-B06B3FD4ADBE}.Debug|ARM.ActiveCfg = Debug|Any CPU
		{A7DF6D8C-4280-4623-B290-B06B3FD4ADBE}.Debug|ARM.Build.0 = Debug|Any CPU
		{A7DF6D8C-4280-4623-B290-B06B3FD4ADBE}.Debug|x64.ActiveCfg = Debug|Any CPU
		{A7DF6D8C-4280-4623-B290-B06B3FD4ADBE}.Debug|x64.Build.0 = Debug|Any CPU
		{A7DF6D8C-4280-4623-B290-B06B3FD4ADBE}.Debug|x86.ActiveCfg = Debug|Any CPU
		{A7DF6D8C-4280-4623-B290-B06B3FD4ADBE}.Debug|x86.Build.0 = Debug|Any CPU
		{A7DF6D8C-4280-4623-B290-B06B3FD4ADBE}.Release|Any CPU.ActiveCfg = Release|Any CPU
		{A7DF6D8C-4280-4623-B290-B06B3FD4ADBE}.Release|Any CPU.Build.0 = Release|Any CPU
		{A7DF6D8C-4280-4623-B290-B06B3FD4ADBE}.Release|ARM.ActiveCfg = Release|Any CPU
		{A7DF6D8C-4280-4623-B290-B06B3FD4ADBE}.Release|ARM.Build.0 = Release|Any CPU
		{A7DF6D8C-4280-4623-B290-B06B3FD4ADBE}.Release|x64.ActiveCfg = Release|Any CPU
		{A7DF6D8C-4280-4623-B290-B06B3FD4ADBE}.Release|x64.Build.0 = Release|Any CPU
		{A7DF6D8C-4280-4623-B290-B06B3FD4ADBE}.Release|x86.ActiveCfg = Release|Any CPU
		{A7DF6D8C-4280-4623-B290-B06B3FD4ADBE}.Release|x86.Build.0 = Release|Any CPU
		{D8BFDEAD-CC76-4ED8-86BF-3A1B11F16CB0}.Debug|Any CPU.ActiveCfg = Debug|Any CPU
		{D8BFDEAD-CC76-4ED8-86BF-3A1B11F16CB0}.Debug|Any CPU.Build.0 = Debug|Any CPU
		{D8BFDEAD-CC76-4ED8-86BF-3A1B11F16CB0}.Debug|ARM.ActiveCfg = Debug|Any CPU
		{D8BFDEAD-CC76-4ED8-86BF-3A1B11F16CB0}.Debug|ARM.Build.0 = Debug|Any CPU
		{D8BFDEAD-CC76-4ED8-86BF-3A1B11F16CB0}.Debug|x64.ActiveCfg = Debug|Any CPU
		{D8BFDEAD-CC76-4ED8-86BF-3A1B11F16CB0}.Debug|x64.Build.0 = Debug|Any CPU
		{D8BFDEAD-CC76-4ED8-86BF-3A1B11F16CB0}.Debug|x86.ActiveCfg = Debug|Any CPU
		{D8BFDEAD-CC76-4ED8-86BF-3A1B11F16CB0}.Debug|x86.Build.0 = Debug|Any CPU
		{D8BFDEAD-CC76-4ED8-86BF-3A1B11F16CB0}.Release|Any CPU.ActiveCfg = Release|Any CPU
		{D8BFDEAD-CC76-4ED8-86BF-3A1B11F16CB0}.Release|Any CPU.Build.0 = Release|Any CPU
		{D8BFDEAD-CC76-4ED8-86BF-3A1B11F16CB0}.Release|ARM.ActiveCfg = Release|Any CPU
		{D8BFDEAD-CC76-4ED8-86BF-3A1B11F16CB0}.Release|ARM.Build.0 = Release|Any CPU
		{D8BFDEAD-CC76-4ED8-86BF-3A1B11F16CB0}.Release|x64.ActiveCfg = Release|Any CPU
		{D8BFDEAD-CC76-4ED8-86BF-3A1B11F16CB0}.Release|x64.Build.0 = Release|Any CPU
		{D8BFDEAD-CC76-4ED8-86BF-3A1B11F16CB0}.Release|x86.ActiveCfg = Release|Any CPU
		{D8BFDEAD-CC76-4ED8-86BF-3A1B11F16CB0}.Release|x86.Build.0 = Release|Any CPU
		{F37788D1-D951-4CB5-AC9B-9F9B0F5A0131}.Debug|Any CPU.ActiveCfg = Debug|Any CPU
		{F37788D1-D951-4CB5-AC9B-9F9B0F5A0131}.Debug|Any CPU.Build.0 = Debug|Any CPU
		{F37788D1-D951-4CB5-AC9B-9F9B0F5A0131}.Debug|ARM.ActiveCfg = Debug|Any CPU
		{F37788D1-D951-4CB5-AC9B-9F9B0F5A0131}.Debug|ARM.Build.0 = Debug|Any CPU
		{F37788D1-D951-4CB5-AC9B-9F9B0F5A0131}.Debug|x64.ActiveCfg = Debug|Any CPU
		{F37788D1-D951-4CB5-AC9B-9F9B0F5A0131}.Debug|x64.Build.0 = Debug|Any CPU
		{F37788D1-D951-4CB5-AC9B-9F9B0F5A0131}.Debug|x86.ActiveCfg = Debug|Any CPU
		{F37788D1-D951-4CB5-AC9B-9F9B0F5A0131}.Debug|x86.Build.0 = Debug|Any CPU
		{F37788D1-D951-4CB5-AC9B-9F9B0F5A0131}.Release|Any CPU.ActiveCfg = Release|Any CPU
		{F37788D1-D951-4CB5-AC9B-9F9B0F5A0131}.Release|Any CPU.Build.0 = Release|Any CPU
		{F37788D1-D951-4CB5-AC9B-9F9B0F5A0131}.Release|ARM.ActiveCfg = Release|Any CPU
		{F37788D1-D951-4CB5-AC9B-9F9B0F5A0131}.Release|ARM.Build.0 = Release|Any CPU
		{F37788D1-D951-4CB5-AC9B-9F9B0F5A0131}.Release|x64.ActiveCfg = Release|Any CPU
		{F37788D1-D951-4CB5-AC9B-9F9B0F5A0131}.Release|x64.Build.0 = Release|Any CPU
		{F37788D1-D951-4CB5-AC9B-9F9B0F5A0131}.Release|x86.ActiveCfg = Release|Any CPU
		{F37788D1-D951-4CB5-AC9B-9F9B0F5A0131}.Release|x86.Build.0 = Release|Any CPU
		{379AA553-F725-48F3-8B6F-224EFA2291F3}.Debug|Any CPU.ActiveCfg = Debug|Any CPU
		{379AA553-F725-48F3-8B6F-224EFA2291F3}.Debug|Any CPU.Build.0 = Debug|Any CPU
		{379AA553-F725-48F3-8B6F-224EFA2291F3}.Debug|ARM.ActiveCfg = Debug|Any CPU
		{379AA553-F725-48F3-8B6F-224EFA2291F3}.Debug|ARM.Build.0 = Debug|Any CPU
		{379AA553-F725-48F3-8B6F-224EFA2291F3}.Debug|x64.ActiveCfg = Debug|Any CPU
		{379AA553-F725-48F3-8B6F-224EFA2291F3}.Debug|x64.Build.0 = Debug|Any CPU
		{379AA553-F725-48F3-8B6F-224EFA2291F3}.Debug|x86.ActiveCfg = Debug|Any CPU
		{379AA553-F725-48F3-8B6F-224EFA2291F3}.Debug|x86.Build.0 = Debug|Any CPU
		{379AA553-F725-48F3-8B6F-224EFA2291F3}.Release|Any CPU.ActiveCfg = Release|Any CPU
		{379AA553-F725-48F3-8B6F-224EFA2291F3}.Release|Any CPU.Build.0 = Release|Any CPU
		{379AA553-F725-48F3-8B6F-224EFA2291F3}.Release|ARM.ActiveCfg = Release|Any CPU
		{379AA553-F725-48F3-8B6F-224EFA2291F3}.Release|ARM.Build.0 = Release|Any CPU
		{379AA553-F725-48F3-8B6F-224EFA2291F3}.Release|x64.ActiveCfg = Release|Any CPU
		{379AA553-F725-48F3-8B6F-224EFA2291F3}.Release|x64.Build.0 = Release|Any CPU
		{379AA553-F725-48F3-8B6F-224EFA2291F3}.Release|x86.ActiveCfg = Release|Any CPU
		{379AA553-F725-48F3-8B6F-224EFA2291F3}.Release|x86.Build.0 = Release|Any CPU
	EndGlobalSection
	GlobalSection(SolutionProperties) = preSolution
		HideSolutionNode = FALSE
	EndGlobalSection
	GlobalSection(ExtensibilityGlobals) = postSolution
		SolutionGuid = {7E46F904-C281-4446-A045-EF527EC7C672}
	EndGlobalSection
EndGlobal
