
Microsoft Visual Studio Solution File, Format Version 12.00
# Visual Studio 15
VisualStudioVersion = 15.0.27703.2035
MinimumVisualStudioVersion = 10.0.40219.1
Project("{FAE04EC0-301F-11D3-BF4B-00C04F79EFBC}") = "Solve!", "Solve!\Solve!.csproj", "{2BD3EFA0-56AF-4AB3-B317-3AA614570ACB}"
EndProject
Project("{FAE04EC0-301F-11D3-BF4B-00C04F79EFBC}") = "StudentsOrder", "StudentsOrder\StudentsOrder.csproj", "{D0F94AB4-B4CA-4D61-98FD-9796FE249195}"
EndProject
Project("{FAE04EC0-301F-11D3-BF4B-00C04F79EFBC}") = "Teo Students Order", "Teo Students Order\Teo Students Order.csproj", "{FAFE6358-3F45-4044-BCB2-53AE12E9795C}"
EndProject
Project("{FAE04EC0-301F-11D3-BF4B-00C04F79EFBC}") = "HDNL Toy", "HDNL Toy\HDNL Toy.csproj", "{88AB3486-1989-41AA-94A3-2A636294C93C}"
EndProject
Project("{9A19103F-16F7-4668-BE54-9A1E7A4F7556}") = "ConsoleApp1", "ConsoleApp1\ConsoleApp1.csproj", "{833EBF6B-2508-46CD-8252-28D4D7D75DD9}"
EndProject
Project("{FAE04EC0-301F-11D3-BF4B-00C04F79EFBC}") = "HDNL Toy 2", "HDNL Toy 2\HDNL Toy 2.csproj", "{0B4A29C2-AF32-41A9-9513-D2225EF9AF2B}"
EndProject
Project("{FAE04EC0-301F-11D3-BF4B-00C04F79EFBC}") = "Students Order Default Linked List", "Students Order Default Linked List\Students Order Default Linked List.csproj", "{154984B8-3015-4653-BF51-CDEA016F2F6D}"
EndProject
Global
	GlobalSection(SolutionConfigurationPlatforms) = preSolution
		Debug|Any CPU = Debug|Any CPU
		Release|Any CPU = Release|Any CPU
	EndGlobalSection
	GlobalSection(ProjectConfigurationPlatforms) = postSolution
		{2BD3EFA0-56AF-4AB3-B317-3AA614570ACB}.Debug|Any CPU.ActiveCfg = Debug|Any CPU
		{2BD3EFA0-56AF-4AB3-B317-3AA614570ACB}.Debug|Any CPU.Build.0 = Debug|Any CPU
		{2BD3EFA0-56AF-4AB3-B317-3AA614570ACB}.Release|Any CPU.ActiveCfg = Release|Any CPU
		{2BD3EFA0-56AF-4AB3-B317-3AA614570ACB}.Release|Any CPU.Build.0 = Release|Any CPU
		{D0F94AB4-B4CA-4D61-98FD-9796FE249195}.Debug|Any CPU.ActiveCfg = Debug|Any CPU
		{D0F94AB4-B4CA-4D61-98FD-9796FE249195}.Debug|Any CPU.Build.0 = Debug|Any CPU
		{D0F94AB4-B4CA-4D61-98FD-9796FE249195}.Release|Any CPU.ActiveCfg = Release|Any CPU
		{D0F94AB4-B4CA-4D61-98FD-9796FE249195}.Release|Any CPU.Build.0 = Release|Any CPU
		{FAFE6358-3F45-4044-BCB2-53AE12E9795C}.Debug|Any CPU.ActiveCfg = Debug|Any CPU
		{FAFE6358-3F45-4044-BCB2-53AE12E9795C}.Debug|Any CPU.Build.0 = Debug|Any CPU
		{FAFE6358-3F45-4044-BCB2-53AE12E9795C}.Release|Any CPU.ActiveCfg = Release|Any CPU
		{FAFE6358-3F45-4044-BCB2-53AE12E9795C}.Release|Any CPU.Build.0 = Release|Any CPU
		{88AB3486-1989-41AA-94A3-2A636294C93C}.Debug|Any CPU.ActiveCfg = Debug|Any CPU
		{88AB3486-1989-41AA-94A3-2A636294C93C}.Debug|Any CPU.Build.0 = Debug|Any CPU
		{88AB3486-1989-41AA-94A3-2A636294C93C}.Release|Any CPU.ActiveCfg = Release|Any CPU
		{88AB3486-1989-41AA-94A3-2A636294C93C}.Release|Any CPU.Build.0 = Release|Any CPU
		{833EBF6B-2508-46CD-8252-28D4D7D75DD9}.Debug|Any CPU.ActiveCfg = Debug|Any CPU
		{833EBF6B-2508-46CD-8252-28D4D7D75DD9}.Debug|Any CPU.Build.0 = Debug|Any CPU
		{833EBF6B-2508-46CD-8252-28D4D7D75DD9}.Release|Any CPU.ActiveCfg = Release|Any CPU
		{833EBF6B-2508-46CD-8252-28D4D7D75DD9}.Release|Any CPU.Build.0 = Release|Any CPU
		{0B4A29C2-AF32-41A9-9513-D2225EF9AF2B}.Debug|Any CPU.ActiveCfg = Debug|Any CPU
		{0B4A29C2-AF32-41A9-9513-D2225EF9AF2B}.Debug|Any CPU.Build.0 = Debug|Any CPU
		{0B4A29C2-AF32-41A9-9513-D2225EF9AF2B}.Release|Any CPU.ActiveCfg = Release|Any CPU
		{0B4A29C2-AF32-41A9-9513-D2225EF9AF2B}.Release|Any CPU.Build.0 = Release|Any CPU
		{154984B8-3015-4653-BF51-CDEA016F2F6D}.Debug|Any CPU.ActiveCfg = Debug|Any CPU
		{154984B8-3015-4653-BF51-CDEA016F2F6D}.Debug|Any CPU.Build.0 = Debug|Any CPU
		{154984B8-3015-4653-BF51-CDEA016F2F6D}.Release|Any CPU.ActiveCfg = Release|Any CPU
		{154984B8-3015-4653-BF51-CDEA016F2F6D}.Release|Any CPU.Build.0 = Release|Any CPU
	EndGlobalSection
	GlobalSection(SolutionProperties) = preSolution
		HideSolutionNode = FALSE
	EndGlobalSection
	GlobalSection(ExtensibilityGlobals) = postSolution
		SolutionGuid = {B2C06012-46F4-4F3C-BEAF-E603E4E815A0}
	EndGlobalSection
EndGlobal
